
Microsoft Visual Studio Solution File, Format Version 12.00
# Visual Studio Version 17
VisualStudioVersion = 17.4.33213.308
MinimumVisualStudioVersion = 10.0.40219.1
Project("{FAE04EC0-301F-11D3-BF4B-00C04F79EFBC}") = "Carpintero405708App", "Carpintero405708App\Carpintero405708App.csproj", "{D49D652D-3349-4A35-8A8A-CFF11D0EB78C}"
EndProject
Global
	GlobalSection(SolutionConfigurationPlatforms) = preSolution
		Debug|Any CPU = Debug|Any CPU
		Release|Any CPU = Release|Any CPU
	EndGlobalSection
	GlobalSection(ProjectConfigurationPlatforms) = postSolution
		{D49D652D-3349-4A35-8A8A-CFF11D0EB78C}.Debug|Any CPU.ActiveCfg = Debug|Any CPU
		{D49D652D-3349-4A35-8A8A-CFF11D0EB78C}.Debug|Any CPU.Build.0 = Debug|Any CPU
		{D49D652D-3349-4A35-8A8A-CFF11D0EB78C}.Release|Any CPU.ActiveCfg = Release|Any CPU
		{D49D652D-3349-4A35-8A8A-CFF11D0EB78C}.Release|Any CPU.Build.0 = Release|Any CPU
	EndGlobalSection
	GlobalSection(SolutionProperties) = preSolution
		HideSolutionNode = FALSE
	EndGlobalSection
	GlobalSection(ExtensibilityGlobals) = postSolution
		SolutionGuid = {63438216-8848-4FE4-A24F-6E56E6AA0219}
	EndGlobalSection
EndGlobal
